
Microsoft Visual Studio Solution File, Format Version 12.00
# Visual Studio Version 16
VisualStudioVersion = 16.0.30907.101
MinimumVisualStudioVersion = 10.0.40219.1
Project("{FAE04EC0-301F-11D3-BF4B-00C04F79EFBC}") = "Day2", "Day2\Day2.csproj", "{192211BD-1CCD-4F3E-91DD-BA0E523BBEE3}"
EndProject
Global
	GlobalSection(SolutionConfigurationPlatforms) = preSolution
		Debug|Any CPU = Debug|Any CPU
		Release|Any CPU = Release|Any CPU
	EndGlobalSection
	GlobalSection(ProjectConfigurationPlatforms) = postSolution
		{192211BD-1CCD-4F3E-91DD-BA0E523BBEE3}.Debug|Any CPU.ActiveCfg = Debug|Any CPU
		{192211BD-1CCD-4F3E-91DD-BA0E523BBEE3}.Debug|Any CPU.Build.0 = Debug|Any CPU
		{192211BD-1CCD-4F3E-91DD-BA0E523BBEE3}.Release|Any CPU.ActiveCfg = Release|Any CPU
		{192211BD-1CCD-4F3E-91DD-BA0E523BBEE3}.Release|Any CPU.Build.0 = Release|Any CPU
	EndGlobalSection
	GlobalSection(SolutionProperties) = preSolution
		HideSolutionNode = FALSE
	EndGlobalSection
	GlobalSection(ExtensibilityGlobals) = postSolution
		SolutionGuid = {F475DB0B-C47E-48EC-A647-B594F798A73B}
	EndGlobalSection
EndGlobal
